{
  "dependencies": {
    "moment": {
      "version": "2.13.0"
    },
    "rfile": {
      "version": "1.0.0",
      "dependencies": {
        "callsite": {
          "version": "1.0.0"
        },
        "resolve": {
          "version": "0.3.1"
        }
      }
    },
    "onyx-node": {
      "version": "4.0.0"
    }
  }
}
